// !$*UTF8*$!
{
	archiveVersion = 1;
	classes = {
	};
	objectVersion = 50;
	objects = {

/* Begin PBXBuildFile section */
		2A0CAEB6228CEA32006F3DBD /* AppDelegate.swift in Sources */ = {isa = PBXBuildFile; fileRef = 2A0CAEB5228CEA32006F3DBD /* AppDelegate.swift */; };
		2A0CAEB8228CEA32006F3DBD /* ViewController.swift in Sources */ = {isa = PBXBuildFile; fileRef = 2A0CAEB7228CEA32006F3DBD /* ViewController.swift */; };
		2A0CAEBB228CEA32006F3DBD /* Main.storyboard in Resources */ = {isa = PBXBuildFile; fileRef = 2A0CAEB9228CEA32006F3DBD /* Main.storyboard */; };
		2A0CAEBD228CEA32006F3DBD /* Assets.xcassets in Resources */ = {isa = PBXBuildFile; fileRef = 2A0CAEBC228CEA32006F3DBD /* Assets.xcassets */; };
		2A0CAEC0228CEA32006F3DBD /* LaunchScreen.storyboard in Resources */ = {isa = PBXBuildFile; fileRef = 2A0CAEBE228CEA32006F3DBD /* LaunchScreen.storyboard */; };
		B600688A39100632FF378235 /* Pods_cloudi_io.framework in Frameworks */ = {isa = PBXBuildFile; fileRef = 56106A93F707CE73F53894FF /* Pods_cloudi_io.framework */; };
/* End PBXBuildFile section */

/* Begin PBXFileReference section */
		1DE4E69AC58623B9F2E95FD4 /* Pods-cloudi.io.release.xcconfig */ = {isa = PBXFileReference; includeInIndex = 1; lastKnownFileType = text.xcconfig; name = "Pods-cloudi.io.release.xcconfig"; path = "Pods/Target Support Files/Pods-cloudi.io/Pods-cloudi.io.release.xcconfig"; sourceTree = "<group>"; };
		2A0CAEB2228CEA32006F3DBD /* cloudi.io.app */ = {isa = PBXFileReference; explicitFileType = wrapper.application; includeInIndex = 0; path = cloudi.io.app; sourceTree = BUILT_PRODUCTS_DIR; };
		2A0CAEB5228CEA32006F3DBD /* AppDelegate.swift */ = {isa = PBXFileReference; lastKnownFileType = sourcecode.swift; path = AppDelegate.swift; sourceTree = "<group>"; };
		2A0CAEB7228CEA32006F3DBD /* ViewController.swift */ = {isa = PBXFileReference; lastKnownFileType = sourcecode.swift; path = ViewController.swift; sourceTree = "<group>"; };
		2A0CAEBA228CEA32006F3DBD /* Base */ = {isa = PBXFileReference; lastKnownFileType = file.storyboard; name = Base; path = Base.lproj/Main.storyboard; sourceTree = "<group>"; };
		2A0CAEBC228CEA32006F3DBD /* Assets.xcassets */ = {isa = PBXFileReference; lastKnownFileType = folder.assetcatalog; path = Assets.xcassets; sourceTree = "<group>"; };
		2A0CAEBF228CEA32006F3DBD /* Base */ = {isa = PBXFileReference; lastKnownFileType = file.storyboard; name = Base; path = Base.lproj/LaunchScreen.storyboard; sourceTree = "<group>"; };
		2A0CAEC1228CEA32006F3DBD /* Info.plist */ = {isa = PBXFileReference; lastKnownFileType = text.plist.xml; path = Info.plist; sourceTree = "<group>"; };
		56106A93F707CE73F53894FF /* Pods_cloudi_io.framework */ = {isa = PBXFileReference; explicitFileType = wrapper.framework; includeInIndex = 0; path = Pods_cloudi_io.framework; sourceTree = BUILT_PRODUCTS_DIR; };
		669BB82487988B1D5A923529 /* Pods-cloudi.io.debug.xcconfig */ = {isa = PBXFileReference; includeInIndex = 1; lastKnownFileType = text.xcconfig; name = "Pods-cloudi.io.debug.xcconfig"; path = "Pods/Target Support Files/Pods-cloudi.io/Pods-cloudi.io.debug.xcconfig"; sourceTree = "<group>"; };
/* End PBXFileReference section */

/* Begin PBXFrameworksBuildPhase section */
		2A0CAEAF228CEA32006F3DBD /* Frameworks */ = {
			isa = PBXFrameworksBuildPhase;
			buildActionMask = 2147483647;
			files = (
				B600688A39100632FF378235 /* Pods_cloudi_io.framework in Frameworks */,
			);
			runOnlyForDeploymentPostprocessing = 0;
		};
/* End PBXFrameworksBuildPhase section */

/* Begin PBXGroup section */
		2A0CAEA9228CEA32006F3DBD = {
			isa = PBXGroup;
			children = (
				2A0CAEB4228CEA32006F3DBD /* cloudi.io */,
				2A0CAEB3228CEA32006F3DBD /* Products */,
				88AC98686FF0B0F805A4D1DF /* Pods */,
				5A90E3EAAF84DE70B95AB636 /* Frameworks */,
			);
			sourceTree = "<group>";
		};
		2A0CAEB3228CEA32006F3DBD /* Products */ = {
			isa = PBXGroup;
			children = (
				2A0CAEB2228CEA32006F3DBD /* cloudi.io.app */,
			);
			name = Products;
			sourceTree = "<group>";
		};
		2A0CAEB4228CEA32006F3DBD /* cloudi.io */ = {
			isa = PBXGroup;
			children = (
				2A0CAEB5228CEA32006F3DBD /* AppDelegate.swift */,
				2A0CAEB7228CEA32006F3DBD /* ViewController.swift */,
				2A0CAEB9228CEA32006F3DBD /* Main.storyboard */,
				2A0CAEBC228CEA32006F3DBD /* Assets.xcassets */,
				2A0CAEBE228CEA32006F3DBD /* LaunchScreen.storyboard */,
				2A0CAEC1228CEA32006F3DBD /* Info.plist */,
			);
			path = cloudi.io;
			sourceTree = "<group>";
		};
		5A90E3EAAF84DE70B95AB636 /* Frameworks */ = {
			isa = PBXGroup;
			children = (
				56106A93F707CE73F53894FF /* Pods_cloudi_io.framework */,
			);
			name = Frameworks;
			sourceTree = "<group>";
		};
		88AC98686FF0B0F805A4D1DF /* Pods */ = {
			isa = PBXGroup;
			children = (
				669BB82487988B1D5A923529 /* Pods-cloudi.io.debug.xcconfig */,
				1DE4E69AC58623B9F2E95FD4 /* Pods-cloudi.io.release.xcconfig */,
			);
			name = Pods;
			sourceTree = "<group>";
		};
/* End PBXGroup section */

/* Begin PBXNativeTarget section */
		2A0CAEB1228CEA32006F3DBD /* cloudi.io */ = {
			isa = PBXNativeTarget;
			buildConfigurationList = 2A0CAEC4228CEA32006F3DBD /* Build configuration list for PBXNativeTarget "cloudi.io" */;
			buildPhases = (
				3CDFBA786835B1D04213106E /* [CP] Check Pods Manifest.lock */,
				2A0CAEAE228CEA32006F3DBD /* Sources */,
				2A0CAEAF228CEA32006F3DBD /* Frameworks */,
				2A0CAEB0228CEA32006F3DBD /* Resources */,
				B9207113549CF6DA652DB0B2 /* [CP] Embed Pods Frameworks */,
			);
			buildRules = (
			);
			dependencies = (
			);
			name = cloudi.io;
			productName = cloudi.io;
			productReference = 2A0CAEB2228CEA32006F3DBD /* cloudi.io.app */;
			productType = "com.apple.product-type.application";
		};
/* End PBXNativeTarget section */

/* Begin PBXProject section */
		2A0CAEAA228CEA32006F3DBD /* Project object */ = {
			isa = PBXProject;
			attributes = {
				LastSwiftUpdateCheck = 0940;
				LastUpgradeCheck = 0940;
				ORGANIZATIONNAME = "Depew, Ben (NonEmp)";
				TargetAttributes = {
					2A0CAEB1228CEA32006F3DBD = {
						CreatedOnToolsVersion = 9.4;
					};
				};
			};
			buildConfigurationList = 2A0CAEAD228CEA32006F3DBD /* Build configuration list for PBXProject "cloudi.io" */;
			compatibilityVersion = "Xcode 9.3";
			developmentRegion = en;
			hasScannedForEncodings = 0;
			knownRegions = (
				en,
				Base,
			);
			mainGroup = 2A0CAEA9228CEA32006F3DBD;
			productRefGroup = 2A0CAEB3228CEA32006F3DBD /* Products */;
			projectDirPath = "";
			projectRoot = "";
			targets = (
				2A0CAEB1228CEA32006F3DBD /* cloudi.io */,
			);
		};
/* End PBXProject section */

/* Begin PBXResourcesBuildPhase section */
		2A0CAEB0228CEA32006F3DBD /* Resources */ = {
			isa = PBXResourcesBuildPhase;
			buildActionMask = 2147483647;
			files = (
				2A0CAEC0228CEA32006F3DBD /* LaunchScreen.storyboard in Resources */,
				2A0CAEBD228CEA32006F3DBD /* Assets.xcassets in Resources */,
				2A0CAEBB228CEA32006F3DBD /* Main.storyboard in Resources */,
			);
			runOnlyForDeploymentPostprocessing = 0;
		};
/* End PBXResourcesBuildPhase section */

/* Begin PBXShellScriptBuildPhase section */
		3CDFBA786835B1D04213106E /* [CP] Check Pods Manifest.lock */ = {
			isa = PBXShellScriptBuildPhase;
			buildActionMask = 2147483647;
			files = (
			);
			inputFileListPaths = (
			);
			inputPaths = (
				"${PODS_PODFILE_DIR_PATH}/Podfile.lock",
				"${PODS_ROOT}/Manifest.lock",
			);
			name = "[CP] Check Pods Manifest.lock";
			outputFileListPaths = (
			);
			outputPaths = (
				"$(DERIVED_FILE_DIR)/Pods-cloudi.io-checkManifestLockResult.txt",
			);
			runOnlyForDeploymentPostprocessing = 0;
			shellPath = /bin/sh;
			shellScript = "diff \"${PODS_PODFILE_DIR_PATH}/Podfile.lock\" \"${PODS_ROOT}/Manifest.lock\" > /dev/null\nif [ $? != 0 ] ; then\n    # print error to STDERR\n    echo \"error: The sandbox is not in sync with the Podfile.lock. Run 'pod install' or update your CocoaPods installation.\" >&2\n    exit 1\nfi\n# This output is used by Xcode 'outputs' to avoid re-running this script phase.\necho \"SUCCESS\" > \"${SCRIPT_OUTPUT_FILE_0}\"\n";
			showEnvVarsInLog = 0;
		};
		B9207113549CF6DA652DB0B2 /* [CP] Embed Pods Frameworks */ = {
			isa = PBXShellScriptBuildPhase;
			buildActionMask = 2147483647;
			files = (
			);
			inputFileListPaths = (
			);
			inputPaths = (
				"${SRCROOT}/Pods/Target Support Files/Pods-cloudi.io/Pods-cloudi.io-frameworks.sh",
				"${BUILT_PRODUCTS_DIR}/Alamofire/Alamofire.framework",
				"${BUILT_PRODUCTS_DIR}/NVActivityIndicatorView/NVActivityIndicatorView.framework",
				"${BUILT_PRODUCTS_DIR}/SwiftyJSON/SwiftyJSON.framework",
			);
			name = "[CP] Embed Pods Frameworks";
			outputFileListPaths = (
			);
			outputPaths = (
				"${TARGET_BUILD_DIR}/${FRAMEWORKS_FOLDER_PATH}/Alamofire.framework",
				"${TARGET_BUILD_DIR}/${FRAMEWORKS_FOLDER_PATH}/NVActivityIndicatorView.framework",
				"${TARGET_BUILD_DIR}/${FRAMEWORKS_FOLDER_PATH}/SwiftyJSON.framework",
			);
			runOnlyForDeploymentPostprocessing = 0;
			shellPath = /bin/sh;
			shellScript = "\"${SRCROOT}/Pods/Target Support Files/Pods-cloudi.io/Pods-cloudi.io-frameworks.sh\"\n";
			showEnvVarsInLog = 0;
		};
/* End PBXShellScriptBuildPhase section */

/* Begin PBXSourcesBuildPhase section */
		2A0CAEAE228CEA32006F3DBD /* Sources */ = {
			isa = PBXSourcesBuildPhase;
			buildActionMask = 2147483647;
			files = (
				2A0CAEB8228CEA32006F3DBD /* ViewController.swift in Sources */,
				2A0CAEB6228CEA32006F3DBD /* AppDelegate.swift in Sources */,
			);
			runOnlyForDeploymentPostprocessing = 0;
		};
/* End PBXSourcesBuildPhase section */

/* Begin PBXVariantGroup section */
		2A0CAEB9228CEA32006F3DBD /* Main.storyboard */ = {
			isa = PBXVariantGroup;
			children = (
				2A0CAEBA228CEA32006F3DBD /* Base */,
			);
			name = Main.storyboard;
			sourceTree = "<group>";
		};
		2A0CAEBE228CEA32006F3DBD /* LaunchScreen.storyboard */ = {
			isa = PBXVariantGroup;
			children = (
				2A0CAEBF228CEA32006F3DBD /* Base */,
			);
			name = LaunchScreen.storyboard;
			sourceTree = "<group>";
		};
/* End PBXVariantGroup section */

/* Begin XCBuildConfiguration section */
		2A0CAEC2228CEA32006F3DBD /* Debug */ = {
			isa = XCBuildConfiguration;
			buildSettings = {
				ALWAYS_SEARCH_USER_PATHS = NO;
				CLANG_ANALYZER_NONNULL = YES;
				CLANG_ANALYZER_NUMBER_OBJECT_CONVERSION = YES_AGGRESSIVE;
				CLANG_CXX_LANGUAGE_STANDARD = "gnu++14";
				CLANG_CXX_LIBRARY = "libc++";
				CLANG_ENABLE_MODULES = YES;
				CLANG_ENABLE_OBJC_ARC = YES;
				CLANG_ENABLE_OBJC_WEAK = YES;
				CLANG_WARN_BLOCK_CAPTURE_AUTORELEASING = YES;
				CLANG_WARN_BOOL_CONVERSION = YES;
				CLANG_WARN_COMMA = YES;
				CLANG_WARN_CONSTANT_CONVERSION = YES;
				CLANG_WARN_DEPRECATED_OBJC_IMPLEMENTATIONS = YES;
				CLANG_WARN_DIRECT_OBJC_ISA_USAGE = YES_ERROR;
				CLANG_WARN_DOCUMENTATION_COMMENTS = YES;
				CLANG_WARN_EMPTY_BODY = YES;
				CLANG_WARN_ENUM_CONVERSION = YES;
				CLANG_WARN_INFINITE_RECURSION = YES;
				CLANG_WARN_INT_CONVERSION = YES;
				CLANG_WARN_NON_LITERAL_NULL_CONVERSION = YES;
				CLANG_WARN_OBJC_IMPLICIT_RETAIN_SELF = YES;
				CLANG_WARN_OBJC_LITERAL_CONVERSION = YES;
				CLANG_WARN_OBJC_ROOT_CLASS = YES_ERROR;
				CLANG_WARN_RANGE_LOOP_ANALYSIS = YES;
				CLANG_WARN_STRICT_PROTOTYPES = YES;
				CLANG_WARN_SUSPICIOUS_MOVE = YES;
				CLANG_WARN_UNGUARDED_AVAILABILITY = YES_AGGRESSIVE;
				CLANG_WARN_UNREACHABLE_CODE = YES;
				CLANG_WARN__DUPLICATE_METHOD_MATCH = YES;
				CODE_SIGN_IDENTITY = "iPhone Developer";
				COPY_PHASE_STRIP = NO;
				DEBUG_INFORMATION_FORMAT = dwarf;
				ENABLE_STRICT_OBJC_MSGSEND = YES;
				ENABLE_TESTABILITY = YES;
				GCC_C_LANGUAGE_STANDARD = gnu11;
				GCC_DYNAMIC_NO_PIC = NO;
				GCC_NO_COMMON_BLOCKS = YES;
				GCC_OPTIMIZATION_LEVEL = 0;
				GCC_PREPROCESSOR_DEFINITIONS = (
					"DEBUG=1",
					"$(inherited)",
				);
				GCC_WARN_64_TO_32_BIT_CONVERSION = YES;
				GCC_WARN_ABOUT_RETURN_TYPE = YES_ERROR;
				GCC_WARN_UNDECLARED_SELECTOR = YES;
				GCC_WARN_UNINITIALIZED_AUTOS = YES_AGGRESSIVE;
				GCC_WARN_UNUSED_FUNCTION = YES;
				GCC_WARN_UNUSED_VARIABLE = YES;
				IPHONEOS_DEPLOYMENT_TARGET = 11.4;
				MTL_ENABLE_DEBUG_INFO = YES;
				ONLY_ACTIVE_ARCH = YES;
				SDKROOT = iphoneos;
				SWIFT_ACTIVE_COMPILATION_CONDITIONS = DEBUG;
				SWIFT_OPTIMIZATION_LEVEL = "-Onone";
			};
			name = Debug;
		};
		2A0CAEC3228CEA32006F3DBD /* Release */ = {
			isa = XCBuildConfiguration;
			buildSettings = {
				ALWAYS_SEARCH_USER_PATHS = NO;
				CLANG_ANALYZER_NONNULL = YES;
				CLANG_ANALYZER_NUMBER_OBJECT_CONVERSION = YES_AGGRESSIVE;
				CLANG_CXX_LANGUAGE_STANDARD = "gnu++14";
				CLANG_CXX_LIBRARY = "libc++";
				CLANG_ENABLE_MODULES = YES;
				CLANG_ENABLE_OBJC_ARC = YES;
				CLANG_ENABLE_OBJC_WEAK = YES;
				CLANG_WARN_BLOCK_CAPTURE_AUTORELEASING = YES;
				CLANG_WARN_BOOL_CONVERSION = YES;
				CLANG_WARN_COMMA = YES;
				CLANG_WARN_CONSTANT_CONVERSION = YES;
				CLANG_WARN_DEPRECATED_OBJC_IMPLEMENTATIONS = YES;
				CLANG_WARN_DIRECT_OBJC_ISA_USAGE = YES_ERROR;
				CLANG_WARN_DOCUMENTATION_COMMENTS = YES;
				CLANG_WARN_EMPTY_BODY = YES;
				CLANG_WARN_ENUM_CONVERSION = YES;
				CLANG_WARN_INFINITE_RECURSION = YES;
				CLANG_WARN_INT_CONVERSION = YES;
				CLANG_WARN_NON_LITERAL_NULL_CONVERSION = YES;
				CLANG_WARN_OBJC_IMPLICIT_RETAIN_SELF = YES;
				CLANG_WARN_OBJC_LITERAL_CONVERSION = YES;
				CLANG_WARN_OBJC_ROOT_CLASS = YES_ERROR;
				CLANG_WARN_RANGE_LOOP_ANALYSIS = YES;
				CLANG_WARN_STRICT_PROTOTYPES = YES;
				CLANG_WARN_SUSPICIOUS_MOVE = YES;
				CLANG_WARN_UNGUARDED_AVAILABILITY = YES_AGGRESSIVE;
				CLANG_WARN_UNREACHABLE_CODE = YES;
				CLANG_WARN__DUPLICATE_METHOD_MATCH = YES;
				CODE_SIGN_IDENTITY = "iPhone Developer";
				COPY_PHASE_STRIP = NO;
				DEBUG_INFORMATION_FORMAT = "dwarf-with-dsym";
				ENABLE_NS_ASSERTIONS = NO;
				ENABLE_STRICT_OBJC_MSGSEND = YES;
				GCC_C_LANGUAGE_STANDARD = gnu11;
				GCC_NO_COMMON_BLOCKS = YES;
				GCC_WARN_64_TO_32_BIT_CONVERSION = YES;
				GCC_WARN_ABOUT_RETURN_TYPE = YES_ERROR;
				GCC_WARN_UNDECLARED_SELECTOR = YES;
				GCC_WARN_UNINITIALIZED_AUTOS = YES_AGGRESSIVE;
				GCC_WARN_UNUSED_FUNCTION = YES;
				GCC_WARN_UNUSED_VARIABLE = YES;
				IPHONEOS_DEPLOYMENT_TARGET = 11.4;
				MTL_ENABLE_DEBUG_INFO = NO;
				SDKROOT = iphoneos;
				SWIFT_COMPILATION_MODE = wholemodule;
				SWIFT_OPTIMIZATION_LEVEL = "-O";
				VALIDATE_PRODUCT = YES;
			};
			name = Release;
		};
		2A0CAEC5228CEA32006F3DBD /* Debug */ = {
			isa = XCBuildConfiguration;
			baseConfigurationReference = 669BB82487988B1D5A923529 /* Pods-cloudi.io.debug.xcconfig */;
			buildSettings = {
				ASSETCATALOG_COMPILER_APPICON_NAME = AppIcon;
				CODE_SIGN_STYLE = Automatic;
				DEVELOPMENT_TEAM = 33KSS6V8V6;
				INFOPLIST_FILE = cloudi.io/Info.plist;
				LD_RUNPATH_SEARCH_PATHS = (
					"$(inherited)",
					"@executable_path/Frameworks",
				);
				PRODUCT_BUNDLE_IDENTIFIER = "io.agileworks.cloudi-io";
				PRODUCT_NAME = "$(TARGET_NAME)";
				SWIFT_VERSION = 4.0;
				TARGETED_DEVICE_FAMILY = "1,2";
			};
			name = Debug;
		};
		2A0CAEC6228CEA32006F3DBD /* Release */ = {
			isa = XCBuildConfiguration;
			baseConfigurationReference = 1DE4E69AC58623B9F2E95FD4 /* Pods-cloudi.io.release.xcconfig */;
			buildSettings = {
				ASSETCATALOG_COMPILER_APPICON_NAME = AppIcon;
				CODE_SIGN_STYLE = Automatic;
				DEVELOPMENT_TEAM = 33KSS6V8V6;
				INFOPLIST_FILE = cloudi.io/Info.plist;
				LD_RUNPATH_SEARCH_PATHS = (
					"$(inherited)",
					"@executable_path/Frameworks",
				);
				PRODUCT_BUNDLE_IDENTIFIER = "io.agileworks.cloudi-io";
				PRODUCT_NAME = "$(TARGET_NAME)";
				SWIFT_VERSION = 4.0;
				TARGETED_DEVICE_FAMILY = "1,2";
			};
			name = Release;
		};
/* End XCBuildConfiguration section */

/* Begin XCConfigurationList section */
		2A0CAEAD228CEA32006F3DBD /* Build configuration list for PBXProject "cloudi.io" */ = {
			isa = XCConfigurationList;
			buildConfigurations = (
				2A0CAEC2228CEA32006F3DBD /* Debug */,
				2A0CAEC3228CEA32006F3DBD /* Release */,
			);
			defaultConfigurationIsVisible = 0;
			defaultConfigurationName = Release;
		};
		2A0CAEC4228CEA32006F3DBD /* Build configuration list for PBXNativeTarget "cloudi.io" */ = {
			isa = XCConfigurationList;
			buildConfigurations = (
				2A0CAEC5228CEA32006F3DBD /* Debug */,
				2A0CAEC6228CEA32006F3DBD /* Release */,
			);
			defaultConfigurationIsVisible = 0;
			defaultConfigurationName = Release;
		};
/* End XCConfigurationList section */
	};
	rootObject = 2A0CAEAA228CEA32006F3DBD /* Project object */;
}
